
Microsoft Visual Studio Solution File, Format Version 12.00
# Visual Studio Version 16
VisualStudioVersion = 16.0.29613.14
MinimumVisualStudioVersion = 10.0.40219.1
Project("{9A19103F-16F7-4668-BE54-9A1E7A4F7556}") = "TaskTimeline.ViewModels", "TaskTimeline.ViewModels\TaskTimeline.ViewModels.csproj", "{4CBDCF85-C0ED-4F54-9FBB-F75846A6CB5F}"
EndProject
Project("{9A19103F-16F7-4668-BE54-9A1E7A4F7556}") = "TaskTimeline.Models", "TaskTimeline.Models\TaskTimeline.Models.csproj", "{036F27B4-57FD-4F6E-A73C-75EC7335B306}"
EndProject
Project("{FAE04EC0-301F-11D3-BF4B-00C04F79EFBC}") = "TaskTimeline.View", "TaskTimeline.View\TaskTimeline.View.csproj", "{F9E75F93-E226-4EF0-99C9-552255519C5F}"
EndProject
Global
	GlobalSection(SolutionConfigurationPlatforms) = preSolution
		Debug|Any CPU = Debug|Any CPU
		Release|Any CPU = Release|Any CPU
	EndGlobalSection
	GlobalSection(ProjectConfigurationPlatforms) = postSolution
		{4CBDCF85-C0ED-4F54-9FBB-F75846A6CB5F}.Debug|Any CPU.ActiveCfg = Debug|Any CPU
		{4CBDCF85-C0ED-4F54-9FBB-F75846A6CB5F}.Debug|Any CPU.Build.0 = Debug|Any CPU
		{4CBDCF85-C0ED-4F54-9FBB-F75846A6CB5F}.Release|Any CPU.ActiveCfg = Release|Any CPU
		{4CBDCF85-C0ED-4F54-9FBB-F75846A6CB5F}.Release|Any CPU.Build.0 = Release|Any CPU
		{036F27B4-57FD-4F6E-A73C-75EC7335B306}.Debug|Any CPU.ActiveCfg = Debug|Any CPU
		{036F27B4-57FD-4F6E-A73C-75EC7335B306}.Debug|Any CPU.Build.0 = Debug|Any CPU
		{036F27B4-57FD-4F6E-A73C-75EC7335B306}.Release|Any CPU.ActiveCfg = Release|Any CPU
		{036F27B4-57FD-4F6E-A73C-75EC7335B306}.Release|Any CPU.Build.0 = Release|Any CPU
		{F9E75F93-E226-4EF0-99C9-552255519C5F}.Debug|Any CPU.ActiveCfg = Debug|Any CPU
		{F9E75F93-E226-4EF0-99C9-552255519C5F}.Debug|Any CPU.Build.0 = Debug|Any CPU
		{F9E75F93-E226-4EF0-99C9-552255519C5F}.Release|Any CPU.ActiveCfg = Release|Any CPU
		{F9E75F93-E226-4EF0-99C9-552255519C5F}.Release|Any CPU.Build.0 = Release|Any CPU
	EndGlobalSection
	GlobalSection(SolutionProperties) = preSolution
		HideSolutionNode = FALSE
	EndGlobalSection
	GlobalSection(ExtensibilityGlobals) = postSolution
		SolutionGuid = {3EDC7049-A2F9-4C9E-9777-02A8565EE6B0}
	EndGlobalSection
EndGlobal
